
Microsoft Visual Studio Solution File, Format Version 12.00
# Visual Studio Version 16
VisualStudioVersion = 16.0.31205.134
MinimumVisualStudioVersion = 10.0.40219.1
Project("{2150E333-8FDC-42A3-9474-1A3956D46DE8}") = "01.Creational", "01.Creational", "{3471EBF2-E266-4225-90FD-D5342EBB347E}"
EndProject
Project("{2150E333-8FDC-42A3-9474-1A3956D46DE8}") = "01. FactoryMethod", "01. FactoryMethod", "{8E60D363-C6A9-4B04-A394-F7F5EECD74B9}"
EndProject
Project("{9A19103F-16F7-4668-BE54-9A1E7A4F7556}") = "FactoryMethod", "Creational\FactoryMethod\FactoryMethod.csproj", "{40B07D63-613E-4A1F-BAC0-21C09230FFA9}"
EndProject
Global
	GlobalSection(SolutionConfigurationPlatforms) = preSolution
		Debug|Any CPU = Debug|Any CPU
		Release|Any CPU = Release|Any CPU
	EndGlobalSection
	GlobalSection(ProjectConfigurationPlatforms) = postSolution
		{40B07D63-613E-4A1F-BAC0-21C09230FFA9}.Debug|Any CPU.ActiveCfg = Debug|Any CPU
		{40B07D63-613E-4A1F-BAC0-21C09230FFA9}.Debug|Any CPU.Build.0 = Debug|Any CPU
		{40B07D63-613E-4A1F-BAC0-21C09230FFA9}.Release|Any CPU.ActiveCfg = Release|Any CPU
		{40B07D63-613E-4A1F-BAC0-21C09230FFA9}.Release|Any CPU.Build.0 = Release|Any CPU
	EndGlobalSection
	GlobalSection(SolutionProperties) = preSolution
		HideSolutionNode = FALSE
	EndGlobalSection
	GlobalSection(NestedProjects) = preSolution
		{8E60D363-C6A9-4B04-A394-F7F5EECD74B9} = {3471EBF2-E266-4225-90FD-D5342EBB347E}
		{40B07D63-613E-4A1F-BAC0-21C09230FFA9} = {8E60D363-C6A9-4B04-A394-F7F5EECD74B9}
	EndGlobalSection
	GlobalSection(ExtensibilityGlobals) = postSolution
		SolutionGuid = {FD9D2FF5-2636-47EE-9538-EDDE1AC9E3D0}
	EndGlobalSection
EndGlobal
